
Microsoft Visual Studio Solution File, Format Version 12.00
# Visual Studio Version 16
VisualStudioVersion = 16.0.29025.244
MinimumVisualStudioVersion = 10.0.40219.1
Project("{9A19103F-16F7-4668-BE54-9A1E7A4F7556}") = "OrderApi", "OrderApi\OrderApi.csproj", "{49848099-F994-4A7A-A223-5311D870D03E}"
EndProject
Project("{9A19103F-16F7-4668-BE54-9A1E7A4F7556}") = "OrderApi.DTOs", "DTOs\OrderApi.DTOs.csproj", "{2491D9B3-3DC4-400A-BC8B-34AA8336CA90}"
EndProject
Project("{9A19103F-16F7-4668-BE54-9A1E7A4F7556}") = "OrderApi.Tests", "OrderApi.Tests\OrderApi.Tests.csproj", "{C44C803C-49BE-44E1-B7DE-55A816FEBCBD}"
EndProject
Project("{9A19103F-16F7-4668-BE54-9A1E7A4F7556}") = "OrderApi.Entities", "OrderApi.Entities\OrderApi.Entities.csproj", "{F2E964AA-44FA-49BE-B09E-2BE3CA3D996F}"
EndProject
Project("{9A19103F-16F7-4668-BE54-9A1E7A4F7556}") = "OrderApi.DAL", "OrderApi.DAL\OrderApi.DAL.csproj", "{76984D69-19CF-4BE2-8077-0C16B9BD2101}"
EndProject
Project("{9A19103F-16F7-4668-BE54-9A1E7A4F7556}") = "OrderApi.Service", "OrderApi.Service\OrderApi.Service.csproj", "{42595617-DB2B-4008-A4E9-155A97CC89A9}"
EndProject
Project("{9A19103F-16F7-4668-BE54-9A1E7A4F7556}") = "OrderApi.ModelFactory", "OrderApi.ModelFactory\OrderApi.ModelFactory.csproj", "{0AFBB0C9-E565-4C2C-96FD-25DD5D5824BA}"
EndProject
Project("{FAE04EC0-301F-11D3-BF4B-00C04F79EFBC}") = "OrderApi.Utils", "OrderApi.Utils\OrderApi.Utils.csproj", "{2FF70C86-F06A-4EA6-A3D8-26BC417B424A}"
EndProject
Global
	GlobalSection(SolutionConfigurationPlatforms) = preSolution
		Debug|Any CPU = Debug|Any CPU
		Release|Any CPU = Release|Any CPU
	EndGlobalSection
	GlobalSection(ProjectConfigurationPlatforms) = postSolution
		{49848099-F994-4A7A-A223-5311D870D03E}.Debug|Any CPU.ActiveCfg = Debug|Any CPU
		{49848099-F994-4A7A-A223-5311D870D03E}.Debug|Any CPU.Build.0 = Debug|Any CPU
		{49848099-F994-4A7A-A223-5311D870D03E}.Release|Any CPU.ActiveCfg = Release|Any CPU
		{49848099-F994-4A7A-A223-5311D870D03E}.Release|Any CPU.Build.0 = Release|Any CPU
		{2491D9B3-3DC4-400A-BC8B-34AA8336CA90}.Debug|Any CPU.ActiveCfg = Debug|Any CPU
		{2491D9B3-3DC4-400A-BC8B-34AA8336CA90}.Debug|Any CPU.Build.0 = Debug|Any CPU
		{2491D9B3-3DC4-400A-BC8B-34AA8336CA90}.Release|Any CPU.ActiveCfg = Release|Any CPU
		{2491D9B3-3DC4-400A-BC8B-34AA8336CA90}.Release|Any CPU.Build.0 = Release|Any CPU
		{C44C803C-49BE-44E1-B7DE-55A816FEBCBD}.Debug|Any CPU.ActiveCfg = Debug|Any CPU
		{C44C803C-49BE-44E1-B7DE-55A816FEBCBD}.Debug|Any CPU.Build.0 = Debug|Any CPU
		{C44C803C-49BE-44E1-B7DE-55A816FEBCBD}.Release|Any CPU.ActiveCfg = Release|Any CPU
		{C44C803C-49BE-44E1-B7DE-55A816FEBCBD}.Release|Any CPU.Build.0 = Release|Any CPU
		{F2E964AA-44FA-49BE-B09E-2BE3CA3D996F}.Debug|Any CPU.ActiveCfg = Debug|Any CPU
		{F2E964AA-44FA-49BE-B09E-2BE3CA3D996F}.Debug|Any CPU.Build.0 = Debug|Any CPU
		{F2E964AA-44FA-49BE-B09E-2BE3CA3D996F}.Release|Any CPU.ActiveCfg = Release|Any CPU
		{F2E964AA-44FA-49BE-B09E-2BE3CA3D996F}.Release|Any CPU.Build.0 = Release|Any CPU
		{76984D69-19CF-4BE2-8077-0C16B9BD2101}.Debug|Any CPU.ActiveCfg = Debug|Any CPU
		{76984D69-19CF-4BE2-8077-0C16B9BD2101}.Debug|Any CPU.Build.0 = Debug|Any CPU
		{76984D69-19CF-4BE2-8077-0C16B9BD2101}.Release|Any CPU.ActiveCfg = Release|Any CPU
		{76984D69-19CF-4BE2-8077-0C16B9BD2101}.Release|Any CPU.Build.0 = Release|Any CPU
		{42595617-DB2B-4008-A4E9-155A97CC89A9}.Debug|Any CPU.ActiveCfg = Debug|Any CPU
		{42595617-DB2B-4008-A4E9-155A97CC89A9}.Debug|Any CPU.Build.0 = Debug|Any CPU
		{42595617-DB2B-4008-A4E9-155A97CC89A9}.Release|Any CPU.ActiveCfg = Release|Any CPU
		{42595617-DB2B-4008-A4E9-155A97CC89A9}.Release|Any CPU.Build.0 = Release|Any CPU
		{0AFBB0C9-E565-4C2C-96FD-25DD5D5824BA}.Debug|Any CPU.ActiveCfg = Debug|Any CPU
		{0AFBB0C9-E565-4C2C-96FD-25DD5D5824BA}.Debug|Any CPU.Build.0 = Debug|Any CPU
		{0AFBB0C9-E565-4C2C-96FD-25DD5D5824BA}.Release|Any CPU.ActiveCfg = Release|Any CPU
		{0AFBB0C9-E565-4C2C-96FD-25DD5D5824BA}.Release|Any CPU.Build.0 = Release|Any CPU
		{2FF70C86-F06A-4EA6-A3D8-26BC417B424A}.Debug|Any CPU.ActiveCfg = Debug|Any CPU
		{2FF70C86-F06A-4EA6-A3D8-26BC417B424A}.Debug|Any CPU.Build.0 = Debug|Any CPU
		{2FF70C86-F06A-4EA6-A3D8-26BC417B424A}.Release|Any CPU.ActiveCfg = Release|Any CPU
		{2FF70C86-F06A-4EA6-A3D8-26BC417B424A}.Release|Any CPU.Build.0 = Release|Any CPU
	EndGlobalSection
	GlobalSection(SolutionProperties) = preSolution
		HideSolutionNode = FALSE
	EndGlobalSection
	GlobalSection(ExtensibilityGlobals) = postSolution
		SolutionGuid = {21312FB2-342F-4D77-85B6-5C1770971C33}
	EndGlobalSection
EndGlobal
